// !$*UTF8*$!
{
	archiveVersion = 1;
	classes = {
	};
	objectVersion = 46;
	objects = {

/* Begin PBXBuildFile section */
		DB1BD0501F472F2400D60C54 /* AppDelegate.swift in Sources */ = {isa = PBXBuildFile; fileRef = DB1BD04F1F472F2400D60C54 /* AppDelegate.swift */; };
		DB1BD0521F472F2400D60C54 /* HomeViewController.swift in Sources */ = {isa = PBXBuildFile; fileRef = DB1BD0511F472F2400D60C54 /* HomeViewController.swift */; };
		DB1BD0551F472F2400D60C54 /* Main.storyboard in Resources */ = {isa = PBXBuildFile; fileRef = DB1BD0531F472F2400D60C54 /* Main.storyboard */; };
		DB1BD0571F472F2400D60C54 /* Assets.xcassets in Resources */ = {isa = PBXBuildFile; fileRef = DB1BD0561F472F2400D60C54 /* Assets.xcassets */; };
		DB1BD05A1F472F2400D60C54 /* LaunchScreen.storyboard in Resources */ = {isa = PBXBuildFile; fileRef = DB1BD0581F472F2400D60C54 /* LaunchScreen.storyboard */; };
		DB1BD0621F47534000D60C54 /* Control.swift in Sources */ = {isa = PBXBuildFile; fileRef = DB1BD0611F47534000D60C54 /* Control.swift */; };
		DB1BD0641F475AAF00D60C54 /* Config.swift in Sources */ = {isa = PBXBuildFile; fileRef = DB1BD0631F475AAF00D60C54 /* Config.swift */; };
		DB1BD0681F47762800D60C54 /* Ids.swift in Sources */ = {isa = PBXBuildFile; fileRef = DB1BD0671F47762800D60C54 /* Ids.swift */; };
		DB1BD06A1F47773C00D60C54 /* Movie.swift in Sources */ = {isa = PBXBuildFile; fileRef = DB1BD0691F47773C00D60C54 /* Movie.swift */; };
		DB1BD06C1F4781A700D60C54 /* MoviePlus.swift in Sources */ = {isa = PBXBuildFile; fileRef = DB1BD06B1F4781A700D60C54 /* MoviePlus.swift */; };
		DB1BD06F1F48880100D60C54 /* Extensions.swift in Sources */ = {isa = PBXBuildFile; fileRef = DB1BD06E1F48880100D60C54 /* Extensions.swift */; };
		DB1BD0731F49B50500D60C54 /* HomeProgramsLayout.swift in Sources */ = {isa = PBXBuildFile; fileRef = DB1BD0711F49B50500D60C54 /* HomeProgramsLayout.swift */; };
		DB1BD0741F49B50500D60C54 /* HomeProgramsLayoutAttributes.swift in Sources */ = {isa = PBXBuildFile; fileRef = DB1BD0721F49B50500D60C54 /* HomeProgramsLayoutAttributes.swift */; };
		DB1BD0781F49BA1600D60C54 /* MovieCollectionViewCell.swift in Sources */ = {isa = PBXBuildFile; fileRef = DB1BD0761F49BA1600D60C54 /* MovieCollectionViewCell.swift */; };
		DB1BD0791F49BA1600D60C54 /* MovieCollectionViewCell.xib in Resources */ = {isa = PBXBuildFile; fileRef = DB1BD0771F49BA1600D60C54 /* MovieCollectionViewCell.xib */; };
		DB1BD07B1F49D4BA00D60C54 /* Image.swift in Sources */ = {isa = PBXBuildFile; fileRef = DB1BD07A1F49D4BA00D60C54 /* Image.swift */; };
		DB1BD07D1F49DA8D00D60C54 /* ImagesMovie.swift in Sources */ = {isa = PBXBuildFile; fileRef = DB1BD07C1F49DA8D00D60C54 /* ImagesMovie.swift */; };
		DB1BD0821F4A31B400D60C54 /* MoviesShared.swift in Sources */ = {isa = PBXBuildFile; fileRef = DB1BD0811F4A31B400D60C54 /* MoviesShared.swift */; };
		DB1BD0841F4A581C00D60C54 /* MovieDetails.swift in Sources */ = {isa = PBXBuildFile; fileRef = DB1BD0831F4A581C00D60C54 /* MovieDetails.swift */; };
		DB1BD0861F4A61BF00D60C54 /* MovieDetailsViewController.swift in Sources */ = {isa = PBXBuildFile; fileRef = DB1BD0851F4A61BF00D60C54 /* MovieDetailsViewController.swift */; };
		F3EE6798D94AC90436847546 /* Pods_DafitiTest.framework in Frameworks */ = {isa = PBXBuildFile; fileRef = FFA0C01C8F9B07C537BF9458 /* Pods_DafitiTest.framework */; };
/* End PBXBuildFile section */

/* Begin PBXFileReference section */
		8FD91580AC0F29660A900BB3 /* Pods-DafitiTest.release.xcconfig */ = {isa = PBXFileReference; includeInIndex = 1; lastKnownFileType = text.xcconfig; name = "Pods-DafitiTest.release.xcconfig"; path = "Pods/Target Support Files/Pods-DafitiTest/Pods-DafitiTest.release.xcconfig"; sourceTree = "<group>"; };
		BA46850BB33F48FB2FC208EB /* Pods-DafitiTest.debug.xcconfig */ = {isa = PBXFileReference; includeInIndex = 1; lastKnownFileType = text.xcconfig; name = "Pods-DafitiTest.debug.xcconfig"; path = "Pods/Target Support Files/Pods-DafitiTest/Pods-DafitiTest.debug.xcconfig"; sourceTree = "<group>"; };
		DB1BD04C1F472F2400D60C54 /* DafitiTest.app */ = {isa = PBXFileReference; explicitFileType = wrapper.application; includeInIndex = 0; path = DafitiTest.app; sourceTree = BUILT_PRODUCTS_DIR; };
		DB1BD04F1F472F2400D60C54 /* AppDelegate.swift */ = {isa = PBXFileReference; lastKnownFileType = sourcecode.swift; path = AppDelegate.swift; sourceTree = "<group>"; };
		DB1BD0511F472F2400D60C54 /* HomeViewController.swift */ = {isa = PBXFileReference; lastKnownFileType = sourcecode.swift; path = HomeViewController.swift; sourceTree = "<group>"; };
		DB1BD0541F472F2400D60C54 /* Base */ = {isa = PBXFileReference; lastKnownFileType = file.storyboard; name = Base; path = Base.lproj/Main.storyboard; sourceTree = "<group>"; };
		DB1BD0561F472F2400D60C54 /* Assets.xcassets */ = {isa = PBXFileReference; lastKnownFileType = folder.assetcatalog; path = Assets.xcassets; sourceTree = "<group>"; };
		DB1BD0591F472F2400D60C54 /* Base */ = {isa = PBXFileReference; lastKnownFileType = file.storyboard; name = Base; path = Base.lproj/LaunchScreen.storyboard; sourceTree = "<group>"; };
		DB1BD05B1F472F2400D60C54 /* Info.plist */ = {isa = PBXFileReference; lastKnownFileType = text.plist.xml; path = Info.plist; sourceTree = "<group>"; };
		DB1BD0611F47534000D60C54 /* Control.swift */ = {isa = PBXFileReference; fileEncoding = 4; lastKnownFileType = sourcecode.swift; path = Control.swift; sourceTree = "<group>"; };
		DB1BD0631F475AAF00D60C54 /* Config.swift */ = {isa = PBXFileReference; fileEncoding = 4; lastKnownFileType = sourcecode.swift; path = Config.swift; sourceTree = "<group>"; };
		DB1BD0671F47762800D60C54 /* Ids.swift */ = {isa = PBXFileReference; fileEncoding = 4; lastKnownFileType = sourcecode.swift; path = Ids.swift; sourceTree = "<group>"; };
		DB1BD0691F47773C00D60C54 /* Movie.swift */ = {isa = PBXFileReference; fileEncoding = 4; lastKnownFileType = sourcecode.swift; path = Movie.swift; sourceTree = "<group>"; };
		DB1BD06B1F4781A700D60C54 /* MoviePlus.swift */ = {isa = PBXFileReference; fileEncoding = 4; lastKnownFileType = sourcecode.swift; path = MoviePlus.swift; sourceTree = "<group>"; };
		DB1BD06E1F48880100D60C54 /* Extensions.swift */ = {isa = PBXFileReference; fileEncoding = 4; lastKnownFileType = sourcecode.swift; path = Extensions.swift; sourceTree = "<group>"; };
		DB1BD0711F49B50500D60C54 /* HomeProgramsLayout.swift */ = {isa = PBXFileReference; fileEncoding = 4; lastKnownFileType = sourcecode.swift; path = HomeProgramsLayout.swift; sourceTree = "<group>"; };
		DB1BD0721F49B50500D60C54 /* HomeProgramsLayoutAttributes.swift */ = {isa = PBXFileReference; fileEncoding = 4; lastKnownFileType = sourcecode.swift; path = HomeProgramsLayoutAttributes.swift; sourceTree = "<group>"; };
		DB1BD0761F49BA1600D60C54 /* MovieCollectionViewCell.swift */ = {isa = PBXFileReference; fileEncoding = 4; lastKnownFileType = sourcecode.swift; path = MovieCollectionViewCell.swift; sourceTree = "<group>"; };
		DB1BD0771F49BA1600D60C54 /* MovieCollectionViewCell.xib */ = {isa = PBXFileReference; fileEncoding = 4; lastKnownFileType = file.xib; path = MovieCollectionViewCell.xib; sourceTree = "<group>"; };
		DB1BD07A1F49D4BA00D60C54 /* Image.swift */ = {isa = PBXFileReference; fileEncoding = 4; lastKnownFileType = sourcecode.swift; path = Image.swift; sourceTree = "<group>"; };
		DB1BD07C1F49DA8D00D60C54 /* ImagesMovie.swift */ = {isa = PBXFileReference; fileEncoding = 4; lastKnownFileType = sourcecode.swift; path = ImagesMovie.swift; sourceTree = "<group>"; };
		DB1BD0811F4A31B400D60C54 /* MoviesShared.swift */ = {isa = PBXFileReference; fileEncoding = 4; lastKnownFileType = sourcecode.swift; path = MoviesShared.swift; sourceTree = "<group>"; };
		DB1BD0831F4A581C00D60C54 /* MovieDetails.swift */ = {isa = PBXFileReference; fileEncoding = 4; lastKnownFileType = sourcecode.swift; path = MovieDetails.swift; sourceTree = "<group>"; };
		DB1BD0851F4A61BF00D60C54 /* MovieDetailsViewController.swift */ = {isa = PBXFileReference; fileEncoding = 4; lastKnownFileType = sourcecode.swift; path = MovieDetailsViewController.swift; sourceTree = "<group>"; };
		FFA0C01C8F9B07C537BF9458 /* Pods_DafitiTest.framework */ = {isa = PBXFileReference; explicitFileType = wrapper.framework; includeInIndex = 0; path = Pods_DafitiTest.framework; sourceTree = BUILT_PRODUCTS_DIR; };
/* End PBXFileReference section */

/* Begin PBXFrameworksBuildPhase section */
		DB1BD0491F472F2400D60C54 /* Frameworks */ = {
			isa = PBXFrameworksBuildPhase;
			buildActionMask = 2147483647;
			files = (
				F3EE6798D94AC90436847546 /* Pods_DafitiTest.framework in Frameworks */,
			);
			runOnlyForDeploymentPostprocessing = 0;
		};
/* End PBXFrameworksBuildPhase section */

/* Begin PBXGroup section */
		915779A43A68662104D869D4 /* Pods */ = {
			isa = PBXGroup;
			children = (
				BA46850BB33F48FB2FC208EB /* Pods-DafitiTest.debug.xcconfig */,
				8FD91580AC0F29660A900BB3 /* Pods-DafitiTest.release.xcconfig */,
			);
			name = Pods;
			sourceTree = "<group>";
		};
		C9981CBAD2D6D1A9D79ACE64 /* Frameworks */ = {
			isa = PBXGroup;
			children = (
				FFA0C01C8F9B07C537BF9458 /* Pods_DafitiTest.framework */,
			);
			name = Frameworks;
			sourceTree = "<group>";
		};
		DB1BD0431F472F2400D60C54 = {
			isa = PBXGroup;
			children = (
				DB1BD04E1F472F2400D60C54 /* DafitiTest */,
				DB1BD04D1F472F2400D60C54 /* Products */,
				915779A43A68662104D869D4 /* Pods */,
				C9981CBAD2D6D1A9D79ACE64 /* Frameworks */,
			);
			sourceTree = "<group>";
		};
		DB1BD04D1F472F2400D60C54 /* Products */ = {
			isa = PBXGroup;
			children = (
				DB1BD04C1F472F2400D60C54 /* DafitiTest.app */,
			);
			name = Products;
			sourceTree = "<group>";
		};
		DB1BD04E1F472F2400D60C54 /* DafitiTest */ = {
			isa = PBXGroup;
			children = (
				DB1BD0801F4A319600D60C54 /* DTO */,
				DB1BD0701F49B4F800D60C54 /* Layout */,
				DB1BD0661F4775A500D60C54 /* Model */,
				DB1BD04F1F472F2400D60C54 /* AppDelegate.swift */,
				DB1BD0511F472F2400D60C54 /* HomeViewController.swift */,
				DB1BD06E1F48880100D60C54 /* Extensions.swift */,
				DB1BD0561F472F2400D60C54 /* Assets.xcassets */,
				DB1BD05B1F472F2400D60C54 /* Info.plist */,
				DB1BD0611F47534000D60C54 /* Control.swift */,
				DB1BD0631F475AAF00D60C54 /* Config.swift */,
				DB1BD0851F4A61BF00D60C54 /* MovieDetailsViewController.swift */,
			);
			path = DafitiTest;
			sourceTree = "<group>";
		};
		DB1BD0661F4775A500D60C54 /* Model */ = {
			isa = PBXGroup;
			children = (
				DB1BD0671F47762800D60C54 /* Ids.swift */,
				DB1BD0691F47773C00D60C54 /* Movie.swift */,
				DB1BD06B1F4781A700D60C54 /* MoviePlus.swift */,
				DB1BD07A1F49D4BA00D60C54 /* Image.swift */,
				DB1BD07C1F49DA8D00D60C54 /* ImagesMovie.swift */,
				DB1BD0831F4A581C00D60C54 /* MovieDetails.swift */,
			);
			name = Model;
			sourceTree = "<group>";
		};
		DB1BD0701F49B4F800D60C54 /* Layout */ = {
			isa = PBXGroup;
			children = (
				DB1BD0581F472F2400D60C54 /* LaunchScreen.storyboard */,
				DB1BD0531F472F2400D60C54 /* Main.storyboard */,
				DB1BD0711F49B50500D60C54 /* HomeProgramsLayout.swift */,
				DB1BD0721F49B50500D60C54 /* HomeProgramsLayoutAttributes.swift */,
				DB1BD0761F49BA1600D60C54 /* MovieCollectionViewCell.swift */,
				DB1BD0771F49BA1600D60C54 /* MovieCollectionViewCell.xib */,
			);
			name = Layout;
			sourceTree = "<group>";
		};
		DB1BD0801F4A319600D60C54 /* DTO */ = {
			isa = PBXGroup;
			children = (
				DB1BD0811F4A31B400D60C54 /* MoviesShared.swift */,
			);
			name = DTO;
			sourceTree = "<group>";
		};
/* End PBXGroup section */

/* Begin PBXNativeTarget section */
		DB1BD04B1F472F2400D60C54 /* DafitiTest */ = {
			isa = PBXNativeTarget;
			buildConfigurationList = DB1BD05E1F472F2400D60C54 /* Build configuration list for PBXNativeTarget "DafitiTest" */;
			buildPhases = (
				3853D5B9A3D72BD70B95688D /* [CP] Check Pods Manifest.lock */,
				DB1BD0481F472F2400D60C54 /* Sources */,
				DB1BD0491F472F2400D60C54 /* Frameworks */,
				DB1BD04A1F472F2400D60C54 /* Resources */,
				C3A4B4A64D6074CE3EB4354B /* [CP] Embed Pods Frameworks */,
				CF9ED735B9CE8B30CC3ABACE /* [CP] Copy Pods Resources */,
			);
			buildRules = (
			);
			dependencies = (
			);
			name = DafitiTest;
			productName = DafitiTest;
			productReference = DB1BD04C1F472F2400D60C54 /* DafitiTest.app */;
			productType = "com.apple.product-type.application";
		};
/* End PBXNativeTarget section */

/* Begin PBXProject section */
		DB1BD0441F472F2400D60C54 /* Project object */ = {
			isa = PBXProject;
			attributes = {
				LastSwiftUpdateCheck = 0820;
				LastUpgradeCheck = 0820;
				ORGANIZATIONNAME = dafiti;
				TargetAttributes = {
					DB1BD04B1F472F2400D60C54 = {
						CreatedOnToolsVersion = 8.2.1;
						DevelopmentTeam = 2GLLGY9ZGF;
						ProvisioningStyle = Automatic;
					};
				};
			};
			buildConfigurationList = DB1BD0471F472F2400D60C54 /* Build configuration list for PBXProject "DafitiTest" */;
			compatibilityVersion = "Xcode 3.2";
			developmentRegion = English;
			hasScannedForEncodings = 0;
			knownRegions = (
				en,
				Base,
			);
			mainGroup = DB1BD0431F472F2400D60C54;
			productRefGroup = DB1BD04D1F472F2400D60C54 /* Products */;
			projectDirPath = "";
			projectRoot = "";
			targets = (
				DB1BD04B1F472F2400D60C54 /* DafitiTest */,
			);
		};
/* End PBXProject section */

/* Begin PBXResourcesBuildPhase section */
		DB1BD04A1F472F2400D60C54 /* Resources */ = {
			isa = PBXResourcesBuildPhase;
			buildActionMask = 2147483647;
			files = (
				DB1BD05A1F472F2400D60C54 /* LaunchScreen.storyboard in Resources */,
				DB1BD0571F472F2400D60C54 /* Assets.xcassets in Resources */,
				DB1BD0551F472F2400D60C54 /* Main.storyboard in Resources */,
				DB1BD0791F49BA1600D60C54 /* MovieCollectionViewCell.xib in Resources */,
			);
			runOnlyForDeploymentPostprocessing = 0;
		};
/* End PBXResourcesBuildPhase section */

/* Begin PBXShellScriptBuildPhase section */
		3853D5B9A3D72BD70B95688D /* [CP] Check Pods Manifest.lock */ = {
			isa = PBXShellScriptBuildPhase;
			buildActionMask = 2147483647;
			files = (
			);
			inputPaths = (
			);
			name = "[CP] Check Pods Manifest.lock";
			outputPaths = (
			);
			runOnlyForDeploymentPostprocessing = 0;
			shellPath = /bin/sh;
			shellScript = "diff \"${PODS_PODFILE_DIR_PATH}/Podfile.lock\" \"${PODS_ROOT}/Manifest.lock\" > /dev/null\nif [ $? != 0 ] ; then\n    # print error to STDERR\n    echo \"error: The sandbox is not in sync with the Podfile.lock. Run 'pod install' or update your CocoaPods installation.\" >&2\n    exit 1\nfi\n";
			showEnvVarsInLog = 0;
		};
		C3A4B4A64D6074CE3EB4354B /* [CP] Embed Pods Frameworks */ = {
			isa = PBXShellScriptBuildPhase;
			buildActionMask = 2147483647;
			files = (
			);
			inputPaths = (
			);
			name = "[CP] Embed Pods Frameworks";
			outputPaths = (
			);
			runOnlyForDeploymentPostprocessing = 0;
			shellPath = /bin/sh;
			shellScript = "\"${SRCROOT}/Pods/Target Support Files/Pods-DafitiTest/Pods-DafitiTest-frameworks.sh\"\n";
			showEnvVarsInLog = 0;
		};
		CF9ED735B9CE8B30CC3ABACE /* [CP] Copy Pods Resources */ = {
			isa = PBXShellScriptBuildPhase;
			buildActionMask = 2147483647;
			files = (
			);
			inputPaths = (
			);
			name = "[CP] Copy Pods Resources";
			outputPaths = (
			);
			runOnlyForDeploymentPostprocessing = 0;
			shellPath = /bin/sh;
			shellScript = "\"${SRCROOT}/Pods/Target Support Files/Pods-DafitiTest/Pods-DafitiTest-resources.sh\"\n";
			showEnvVarsInLog = 0;
		};
/* End PBXShellScriptBuildPhase section */

/* Begin PBXSourcesBuildPhase section */
		DB1BD0481F472F2400D60C54 /* Sources */ = {
			isa = PBXSourcesBuildPhase;
			buildActionMask = 2147483647;
			files = (
				DB1BD0861F4A61BF00D60C54 /* MovieDetailsViewController.swift in Sources */,
				DB1BD0741F49B50500D60C54 /* HomeProgramsLayoutAttributes.swift in Sources */,
				DB1BD07B1F49D4BA00D60C54 /* Image.swift in Sources */,
				DB1BD0521F472F2400D60C54 /* HomeViewController.swift in Sources */,
				DB1BD0501F472F2400D60C54 /* AppDelegate.swift in Sources */,
				DB1BD0731F49B50500D60C54 /* HomeProgramsLayout.swift in Sources */,
				DB1BD06A1F47773C00D60C54 /* Movie.swift in Sources */,
				DB1BD06F1F48880100D60C54 /* Extensions.swift in Sources */,
				DB1BD07D1F49DA8D00D60C54 /* ImagesMovie.swift in Sources */,
				DB1BD0841F4A581C00D60C54 /* MovieDetails.swift in Sources */,
				DB1BD0821F4A31B400D60C54 /* MoviesShared.swift in Sources */,
				DB1BD0681F47762800D60C54 /* Ids.swift in Sources */,
				DB1BD0621F47534000D60C54 /* Control.swift in Sources */,
				DB1BD0781F49BA1600D60C54 /* MovieCollectionViewCell.swift in Sources */,
				DB1BD0641F475AAF00D60C54 /* Config.swift in Sources */,
				DB1BD06C1F4781A700D60C54 /* MoviePlus.swift in Sources */,
			);
			runOnlyForDeploymentPostprocessing = 0;
		};
/* End PBXSourcesBuildPhase section */

/* Begin PBXVariantGroup section */
		DB1BD0531F472F2400D60C54 /* Main.storyboard */ = {
			isa = PBXVariantGroup;
			children = (
				DB1BD0541F472F2400D60C54 /* Base */,
			);
			name = Main.storyboard;
			sourceTree = "<group>";
		};
		DB1BD0581F472F2400D60C54 /* LaunchScreen.storyboard */ = {
			isa = PBXVariantGroup;
			children = (
				DB1BD0591F472F2400D60C54 /* Base */,
			);
			name = LaunchScreen.storyboard;
			sourceTree = "<group>";
		};
/* End PBXVariantGroup section */

/* Begin XCBuildConfiguration section */
		DB1BD05C1F472F2400D60C54 /* Debug */ = {
			isa = XCBuildConfiguration;
			buildSettings = {
				ALWAYS_SEARCH_USER_PATHS = NO;
				CLANG_ANALYZER_NONNULL = YES;
				CLANG_CXX_LANGUAGE_STANDARD = "gnu++0x";
				CLANG_CXX_LIBRARY = "libc++";
				CLANG_ENABLE_MODULES = YES;
				CLANG_ENABLE_OBJC_ARC = YES;
				CLANG_WARN_BOOL_CONVERSION = YES;
				CLANG_WARN_CONSTANT_CONVERSION = YES;
				CLANG_WARN_DIRECT_OBJC_ISA_USAGE = YES_ERROR;
				CLANG_WARN_DOCUMENTATION_COMMENTS = YES;
				CLANG_WARN_EMPTY_BODY = YES;
				CLANG_WARN_ENUM_CONVERSION = YES;
				CLANG_WARN_INFINITE_RECURSION = YES;
				CLANG_WARN_INT_CONVERSION = YES;
				CLANG_WARN_OBJC_ROOT_CLASS = YES_ERROR;
				CLANG_WARN_SUSPICIOUS_MOVE = YES;
				CLANG_WARN_UNREACHABLE_CODE = YES;
				CLANG_WARN__DUPLICATE_METHOD_MATCH = YES;
				"CODE_SIGN_IDENTITY[sdk=iphoneos*]" = "iPhone Developer";
				COPY_PHASE_STRIP = NO;
				DEBUG_INFORMATION_FORMAT = dwarf;
				ENABLE_STRICT_OBJC_MSGSEND = YES;
				ENABLE_TESTABILITY = YES;
				GCC_C_LANGUAGE_STANDARD = gnu99;
				GCC_DYNAMIC_NO_PIC = NO;
				GCC_NO_COMMON_BLOCKS = YES;
				GCC_OPTIMIZATION_LEVEL = 0;
				GCC_PREPROCESSOR_DEFINITIONS = (
					"DEBUG=1",
					"$(inherited)",
				);
				GCC_WARN_64_TO_32_BIT_CONVERSION = YES;
				GCC_WARN_ABOUT_RETURN_TYPE = YES_ERROR;
				GCC_WARN_UNDECLARED_SELECTOR = YES;
				GCC_WARN_UNINITIALIZED_AUTOS = YES_AGGRESSIVE;
				GCC_WARN_UNUSED_FUNCTION = YES;
				GCC_WARN_UNUSED_VARIABLE = YES;
				IPHONEOS_DEPLOYMENT_TARGET = 10.2;
				MTL_ENABLE_DEBUG_INFO = YES;
				ONLY_ACTIVE_ARCH = YES;
				SDKROOT = iphoneos;
				SWIFT_ACTIVE_COMPILATION_CONDITIONS = DEBUG;
				SWIFT_OPTIMIZATION_LEVEL = "-Onone";
				TARGETED_DEVICE_FAMILY = "1,2";
			};
			name = Debug;
		};
		DB1BD05D1F472F2400D60C54 /* Release */ = {
			isa = XCBuildConfiguration;
			buildSettings = {
				ALWAYS_SEARCH_USER_PATHS = NO;
				CLANG_ANALYZER_NONNULL = YES;
				CLANG_CXX_LANGUAGE_STANDARD = "gnu++0x";
				CLANG_CXX_LIBRARY = "libc++";
				CLANG_ENABLE_MODULES = YES;
				CLANG_ENABLE_OBJC_ARC = YES;
				CLANG_WARN_BOOL_CONVERSION = YES;
				CLANG_WARN_CONSTANT_CONVERSION = YES;
				CLANG_WARN_DIRECT_OBJC_ISA_USAGE = YES_ERROR;
				CLANG_WARN_DOCUMENTATION_COMMENTS = YES;
				CLANG_WARN_EMPTY_BODY = YES;
				CLANG_WARN_ENUM_CONVERSION = YES;
				CLANG_WARN_INFINITE_RECURSION = YES;
				CLANG_WARN_INT_CONVERSION = YES;
				CLANG_WARN_OBJC_ROOT_CLASS = YES_ERROR;
				CLANG_WARN_SUSPICIOUS_MOVE = YES;
				CLANG_WARN_UNREACHABLE_CODE = YES;
				CLANG_WARN__DUPLICATE_METHOD_MATCH = YES;
				"CODE_SIGN_IDENTITY[sdk=iphoneos*]" = "iPhone Developer";
				COPY_PHASE_STRIP = NO;
				DEBUG_INFORMATION_FORMAT = "dwarf-with-dsym";
				ENABLE_NS_ASSERTIONS = NO;
				ENABLE_STRICT_OBJC_MSGSEND = YES;
				GCC_C_LANGUAGE_STANDARD = gnu99;
				GCC_NO_COMMON_BLOCKS = YES;
				GCC_WARN_64_TO_32_BIT_CONVERSION = YES;
				GCC_WARN_ABOUT_RETURN_TYPE = YES_ERROR;
				GCC_WARN_UNDECLARED_SELECTOR = YES;
				GCC_WARN_UNINITIALIZED_AUTOS = YES_AGGRESSIVE;
				GCC_WARN_UNUSED_FUNCTION = YES;
				GCC_WARN_UNUSED_VARIABLE = YES;
				IPHONEOS_DEPLOYMENT_TARGET = 10.2;
				MTL_ENABLE_DEBUG_INFO = NO;
				SDKROOT = iphoneos;
				SWIFT_OPTIMIZATION_LEVEL = "-Owholemodule";
				TARGETED_DEVICE_FAMILY = "1,2";
				VALIDATE_PRODUCT = YES;
			};
			name = Release;
		};
		DB1BD05F1F472F2400D60C54 /* Debug */ = {
			isa = XCBuildConfiguration;
			baseConfigurationReference = BA46850BB33F48FB2FC208EB /* Pods-DafitiTest.debug.xcconfig */;
			buildSettings = {
				ASSETCATALOG_COMPILER_APPICON_NAME = AppIcon;
				DEVELOPMENT_TEAM = 2GLLGY9ZGF;
				INFOPLIST_FILE = DafitiTest/Info.plist;
				IPHONEOS_DEPLOYMENT_TARGET = 10.0;
				LD_RUNPATH_SEARCH_PATHS = "$(inherited) @executable_path/Frameworks";
				PRODUCT_BUNDLE_IDENTIFIER = br.DafitiTest;
				PRODUCT_NAME = "$(TARGET_NAME)";
				SWIFT_VERSION = 3.0;
			};
			name = Debug;
		};
		DB1BD0601F472F2400D60C54 /* Release */ = {
			isa = XCBuildConfiguration;
			baseConfigurationReference = 8FD91580AC0F29660A900BB3 /* Pods-DafitiTest.release.xcconfig */;
			buildSettings = {
				ASSETCATALOG_COMPILER_APPICON_NAME = AppIcon;
				DEVELOPMENT_TEAM = 2GLLGY9ZGF;
				INFOPLIST_FILE = DafitiTest/Info.plist;
				IPHONEOS_DEPLOYMENT_TARGET = 10.0;
				LD_RUNPATH_SEARCH_PATHS = "$(inherited) @executable_path/Frameworks";
				PRODUCT_BUNDLE_IDENTIFIER = br.DafitiTest;
				PRODUCT_NAME = "$(TARGET_NAME)";
				SWIFT_VERSION = 3.0;
			};
			name = Release;
		};
/* End XCBuildConfiguration section */

/* Begin XCConfigurationList section */
		DB1BD0471F472F2400D60C54 /* Build configuration list for PBXProject "DafitiTest" */ = {
			isa = XCConfigurationList;
			buildConfigurations = (
				DB1BD05C1F472F2400D60C54 /* Debug */,
				DB1BD05D1F472F2400D60C54 /* Release */,
			);
			defaultConfigurationIsVisible = 0;
			defaultConfigurationName = Release;
		};
		DB1BD05E1F472F2400D60C54 /* Build configuration list for PBXNativeTarget "DafitiTest" */ = {
			isa = XCConfigurationList;
			buildConfigurations = (
				DB1BD05F1F472F2400D60C54 /* Debug */,
				DB1BD0601F472F2400D60C54 /* Release */,
			);
			defaultConfigurationIsVisible = 0;
			defaultConfigurationName = Release;
		};
/* End XCConfigurationList section */
	};
	rootObject = DB1BD0441F472F2400D60C54 /* Project object */;
}
